
Microsoft Visual Studio Solution File, Format Version 11.00
# Visual Studio 2010
Project("{4B9787C9-C1A1-44A3-B185-2FBD9D9DAE4E}") = "SSMS-Export-to-Excel", "SSMS-Export-to-Excel.csproj", "{929FF349-012B-44F1-8999-346D326D3BB3}"
EndProject
Global
	GlobalSection(SolutionConfigurationPlatforms) = preSolution
		Debug|x86 = Debug|x86
		Release|x86 = Release|x86
	EndGlobalSection
	GlobalSection(ProjectConfigurationPlatforms) = postSolution
		{929FF349-012B-44F1-8999-346D326D3BB3}.Debug|x86.ActiveCfg = Debug|x86
		{929FF349-012B-44F1-8999-346D326D3BB3}.Debug|x86.Build.0 = Debug|x86
		{929FF349-012B-44F1-8999-346D326D3BB3}.Release|x86.ActiveCfg = Release|x86
		{929FF349-012B-44F1-8999-346D326D3BB3}.Release|x86.Build.0 = Release|x86
	EndGlobalSection
	GlobalSection(SolutionProperties) = preSolution
		HideSolutionNode = FALSE
	EndGlobalSection
EndGlobal
